// !$*UTF8*$!
{
	archiveVersion = 1;
	classes = {
	};
	objectVersion = 56;
	objects = {

/* Begin PBXBuildFile section */
		082D2E712A722D8300232466 /* DisplayImageApp.swift in Sources */ = {isa = PBXBuildFile; fileRef = 082D2E702A722D8300232466 /* DisplayImageApp.swift */; };
		082D2E732A722D8300232466 /* ContentView.swift in Sources */ = {isa = PBXBuildFile; fileRef = 082D2E722A722D8300232466 /* ContentView.swift */; };
		082D2E752A722D8400232466 /* Assets.xcassets in Resources */ = {isa = PBXBuildFile; fileRef = 082D2E742A722D8400232466 /* Assets.xcassets */; };
		082D2E792A722D8400232466 /* Preview Assets.xcassets in Resources */ = {isa = PBXBuildFile; fileRef = 082D2E782A722D8400232466 /* Preview Assets.xcassets */; };
		082D2E802A722DEB00232466 /* config-debug.xcconfig in Resources */ = {isa = PBXBuildFile; fileRef = 082D2E7F2A722DEB00232466 /* config-debug.xcconfig */; };
		082D2E822A722E0C00232466 /* config-release.xcconfig in Resources */ = {isa = PBXBuildFile; fileRef = 082D2E812A722E0C00232466 /* config-release.xcconfig */; };
		082D2E862A72350B00232466 /* ServiceAPI.swift in Sources */ = {isa = PBXBuildFile; fileRef = 082D2E852A72350B00232466 /* ServiceAPI.swift */; };
		082D2E8A2A723BDA00232466 /* ImageData.swift in Sources */ = {isa = PBXBuildFile; fileRef = 082D2E892A723BDA00232466 /* ImageData.swift */; };
		082D2E8C2A723ECE00232466 /* ImageService.swift in Sources */ = {isa = PBXBuildFile; fileRef = 082D2E8B2A723ECE00232466 /* ImageService.swift */; };
		082D2E8E2A72455F00232466 /* Secrets.swift in Sources */ = {isa = PBXBuildFile; fileRef = 082D2E8D2A72455F00232466 /* Secrets.swift */; };
		082D2E902A72467600232466 /* ImageView.swift in Sources */ = {isa = PBXBuildFile; fileRef = 082D2E8F2A72467600232466 /* ImageView.swift */; };
		082D2E932A72484D00232466 /* ImageViewCoordinator.swift in Sources */ = {isa = PBXBuildFile; fileRef = 082D2E922A72484D00232466 /* ImageViewCoordinator.swift */; };
		082D2E952A72489600232466 /* ImageViewModel.swift in Sources */ = {isa = PBXBuildFile; fileRef = 082D2E942A72489600232466 /* ImageViewModel.swift */; };
		082D2E972A7250CA00232466 /* image_list.json in Resources */ = {isa = PBXBuildFile; fileRef = 082D2E962A7250CA00232466 /* image_list.json */; };
		082D2E992A72516600232466 /* MockImageURLProtocol.swift in Sources */ = {isa = PBXBuildFile; fileRef = 082D2E982A72516600232466 /* MockImageURLProtocol.swift */; };
		082D2E9B2A72531100232466 /* ServiceLocalAPI.swift in Sources */ = {isa = PBXBuildFile; fileRef = 082D2E9A2A72531100232466 /* ServiceLocalAPI.swift */; };
/* End PBXBuildFile section */

/* Begin PBXFileReference section */
		082D2E6D2A722D8300232466 /* Display Image (Debug).app */ = {isa = PBXFileReference; explicitFileType = wrapper.application; includeInIndex = 0; path = "Display Image (Debug).app"; sourceTree = BUILT_PRODUCTS_DIR; };
		082D2E702A722D8300232466 /* DisplayImageApp.swift */ = {isa = PBXFileReference; lastKnownFileType = sourcecode.swift; path = DisplayImageApp.swift; sourceTree = "<group>"; };
		082D2E722A722D8300232466 /* ContentView.swift */ = {isa = PBXFileReference; lastKnownFileType = sourcecode.swift; path = ContentView.swift; sourceTree = "<group>"; };
		082D2E742A722D8400232466 /* Assets.xcassets */ = {isa = PBXFileReference; lastKnownFileType = folder.assetcatalog; path = Assets.xcassets; sourceTree = "<group>"; };
		082D2E762A722D8400232466 /* DisplayImage.entitlements */ = {isa = PBXFileReference; lastKnownFileType = text.plist.entitlements; path = DisplayImage.entitlements; sourceTree = "<group>"; };
		082D2E782A722D8400232466 /* Preview Assets.xcassets */ = {isa = PBXFileReference; lastKnownFileType = folder.assetcatalog; path = "Preview Assets.xcassets"; sourceTree = "<group>"; };
		082D2E7F2A722DEB00232466 /* config-debug.xcconfig */ = {isa = PBXFileReference; lastKnownFileType = text.xcconfig; path = "config-debug.xcconfig"; sourceTree = "<group>"; };
		082D2E812A722E0C00232466 /* config-release.xcconfig */ = {isa = PBXFileReference; lastKnownFileType = text.xcconfig; path = "config-release.xcconfig"; sourceTree = "<group>"; };
		082D2E832A722F1D00232466 /* Info.plist */ = {isa = PBXFileReference; lastKnownFileType = text.plist.xml; path = Info.plist; sourceTree = "<group>"; };
		082D2E852A72350B00232466 /* ServiceAPI.swift */ = {isa = PBXFileReference; lastKnownFileType = sourcecode.swift; path = ServiceAPI.swift; sourceTree = "<group>"; };
		082D2E892A723BDA00232466 /* ImageData.swift */ = {isa = PBXFileReference; lastKnownFileType = sourcecode.swift; path = ImageData.swift; sourceTree = "<group>"; };
		082D2E8B2A723ECE00232466 /* ImageService.swift */ = {isa = PBXFileReference; lastKnownFileType = sourcecode.swift; path = ImageService.swift; sourceTree = "<group>"; };
		082D2E8D2A72455F00232466 /* Secrets.swift */ = {isa = PBXFileReference; lastKnownFileType = sourcecode.swift; path = Secrets.swift; sourceTree = "<group>"; };
		082D2E8F2A72467600232466 /* ImageView.swift */ = {isa = PBXFileReference; lastKnownFileType = sourcecode.swift; path = ImageView.swift; sourceTree = "<group>"; };
		082D2E922A72484D00232466 /* ImageViewCoordinator.swift */ = {isa = PBXFileReference; lastKnownFileType = sourcecode.swift; path = ImageViewCoordinator.swift; sourceTree = "<group>"; };
		082D2E942A72489600232466 /* ImageViewModel.swift */ = {isa = PBXFileReference; lastKnownFileType = sourcecode.swift; path = ImageViewModel.swift; sourceTree = "<group>"; };
		082D2E962A7250CA00232466 /* image_list.json */ = {isa = PBXFileReference; fileEncoding = 4; lastKnownFileType = text.json; path = image_list.json; sourceTree = "<group>"; };
		082D2E982A72516600232466 /* MockImageURLProtocol.swift */ = {isa = PBXFileReference; lastKnownFileType = sourcecode.swift; path = MockImageURLProtocol.swift; sourceTree = "<group>"; };
		082D2E9A2A72531100232466 /* ServiceLocalAPI.swift */ = {isa = PBXFileReference; lastKnownFileType = sourcecode.swift; path = ServiceLocalAPI.swift; sourceTree = "<group>"; };
/* End PBXFileReference section */

/* Begin PBXFrameworksBuildPhase section */
		082D2E6A2A722D8300232466 /* Frameworks */ = {
			isa = PBXFrameworksBuildPhase;
			buildActionMask = 2147483647;
			files = (
			);
			runOnlyForDeploymentPostprocessing = 0;
		};
/* End PBXFrameworksBuildPhase section */

/* Begin PBXGroup section */
		082D2E642A722D8300232466 = {
			isa = PBXGroup;
			children = (
				082D2E6F2A722D8300232466 /* DisplayImage */,
				082D2E6E2A722D8300232466 /* Products */,
			);
			sourceTree = "<group>";
		};
		082D2E6E2A722D8300232466 /* Products */ = {
			isa = PBXGroup;
			children = (
				082D2E6D2A722D8300232466 /* Display Image (Debug).app */,
			);
			name = Products;
			sourceTree = "<group>";
		};
		082D2E6F2A722D8300232466 /* DisplayImage */ = {
			isa = PBXGroup;
			children = (
				082D2E832A722F1D00232466 /* Info.plist */,
				082D2E842A722F3800232466 /* Configs */,
				082D2E872A72351B00232466 /* Services */,
				0838F7492A72732A00D17595 /* MockService */,
				082D2E882A723BC800232466 /* Data */,
				082D2E702A722D8300232466 /* DisplayImageApp.swift */,
				082D2E722A722D8300232466 /* ContentView.swift */,
				082D2E912A72467D00232466 /* ImageView */,
				082D2E742A722D8400232466 /* Assets.xcassets */,
				082D2E762A722D8400232466 /* DisplayImage.entitlements */,
				082D2E772A722D8400232466 /* Preview Content */,
			);
			path = DisplayImage;
			sourceTree = "<group>";
		};
		082D2E772A722D8400232466 /* Preview Content */ = {
			isa = PBXGroup;
			children = (
				082D2E782A722D8400232466 /* Preview Assets.xcassets */,
			);
			path = "Preview Content";
			sourceTree = "<group>";
		};
		082D2E842A722F3800232466 /* Configs */ = {
			isa = PBXGroup;
			children = (
				082D2E7F2A722DEB00232466 /* config-debug.xcconfig */,
				082D2E812A722E0C00232466 /* config-release.xcconfig */,
			);
			path = Configs;
			sourceTree = "<group>";
		};
		082D2E872A72351B00232466 /* Services */ = {
			isa = PBXGroup;
			children = (
				082D2E852A72350B00232466 /* ServiceAPI.swift */,
				082D2E8B2A723ECE00232466 /* ImageService.swift */,
				082D2E8D2A72455F00232466 /* Secrets.swift */,
			);
			path = Services;
			sourceTree = "<group>";
		};
		082D2E882A723BC800232466 /* Data */ = {
			isa = PBXGroup;
			children = (
				082D2E892A723BDA00232466 /* ImageData.swift */,
			);
			path = Data;
			sourceTree = "<group>";
		};
		082D2E912A72467D00232466 /* ImageView */ = {
			isa = PBXGroup;
			children = (
				082D2E8F2A72467600232466 /* ImageView.swift */,
				082D2E922A72484D00232466 /* ImageViewCoordinator.swift */,
				082D2E942A72489600232466 /* ImageViewModel.swift */,
			);
			path = ImageView;
			sourceTree = "<group>";
		};
		0838F7492A72732A00D17595 /* MockService */ = {
			isa = PBXGroup;
			children = (
				082D2E9A2A72531100232466 /* ServiceLocalAPI.swift */,
				082D2E982A72516600232466 /* MockImageURLProtocol.swift */,
				082D2E962A7250CA00232466 /* image_list.json */,
			);
			path = MockService;
			sourceTree = "<group>";
		};
/* End PBXGroup section */

/* Begin PBXNativeTarget section */
		082D2E6C2A722D8300232466 /* DisplayImage */ = {
			isa = PBXNativeTarget;
			buildConfigurationList = 082D2E7C2A722D8400232466 /* Build configuration list for PBXNativeTarget "DisplayImage" */;
			buildPhases = (
				082D2E692A722D8300232466 /* Sources */,
				082D2E6A2A722D8300232466 /* Frameworks */,
				082D2E6B2A722D8300232466 /* Resources */,
			);
			buildRules = (
			);
			dependencies = (
			);
			name = DisplayImage;
			productName = DisplayImage;
			productReference = 082D2E6D2A722D8300232466 /* Display Image (Debug).app */;
			productType = "com.apple.product-type.application";
		};
/* End PBXNativeTarget section */

/* Begin PBXProject section */
		082D2E652A722D8300232466 /* Project object */ = {
			isa = PBXProject;
			attributes = {
				BuildIndependentTargetsInParallel = 1;
				LastSwiftUpdateCheck = 1430;
				LastUpgradeCheck = 1430;
				TargetAttributes = {
					082D2E6C2A722D8300232466 = {
						CreatedOnToolsVersion = 14.3.1;
					};
				};
			};
			buildConfigurationList = 082D2E682A722D8300232466 /* Build configuration list for PBXProject "DisplayImage" */;
			compatibilityVersion = "Xcode 14.0";
			developmentRegion = en;
			hasScannedForEncodings = 0;
			knownRegions = (
				en,
				Base,
			);
			mainGroup = 082D2E642A722D8300232466;
			productRefGroup = 082D2E6E2A722D8300232466 /* Products */;
			projectDirPath = "";
			projectRoot = "";
			targets = (
				082D2E6C2A722D8300232466 /* DisplayImage */,
			);
		};
/* End PBXProject section */

/* Begin PBXResourcesBuildPhase section */
		082D2E6B2A722D8300232466 /* Resources */ = {
			isa = PBXResourcesBuildPhase;
			buildActionMask = 2147483647;
			files = (
				082D2E792A722D8400232466 /* Preview Assets.xcassets in Resources */,
				082D2E802A722DEB00232466 /* config-debug.xcconfig in Resources */,
				082D2E822A722E0C00232466 /* config-release.xcconfig in Resources */,
				082D2E972A7250CA00232466 /* image_list.json in Resources */,
				082D2E752A722D8400232466 /* Assets.xcassets in Resources */,
			);
			runOnlyForDeploymentPostprocessing = 0;
		};
/* End PBXResourcesBuildPhase section */

/* Begin PBXSourcesBuildPhase section */
		082D2E692A722D8300232466 /* Sources */ = {
			isa = PBXSourcesBuildPhase;
			buildActionMask = 2147483647;
			files = (
				082D2E732A722D8300232466 /* ContentView.swift in Sources */,
				082D2E8E2A72455F00232466 /* Secrets.swift in Sources */,
				082D2E862A72350B00232466 /* ServiceAPI.swift in Sources */,
				082D2E952A72489600232466 /* ImageViewModel.swift in Sources */,
				082D2E712A722D8300232466 /* DisplayImageApp.swift in Sources */,
				082D2E8C2A723ECE00232466 /* ImageService.swift in Sources */,
				082D2E902A72467600232466 /* ImageView.swift in Sources */,
				082D2E992A72516600232466 /* MockImageURLProtocol.swift in Sources */,
				082D2E8A2A723BDA00232466 /* ImageData.swift in Sources */,
				082D2E9B2A72531100232466 /* ServiceLocalAPI.swift in Sources */,
				082D2E932A72484D00232466 /* ImageViewCoordinator.swift in Sources */,
			);
			runOnlyForDeploymentPostprocessing = 0;
		};
/* End PBXSourcesBuildPhase section */

/* Begin XCBuildConfiguration section */
		082D2E7A2A722D8400232466 /* Debug */ = {
			isa = XCBuildConfiguration;
			buildSettings = {
				ALWAYS_SEARCH_USER_PATHS = NO;
				CLANG_ANALYZER_NONNULL = YES;
				CLANG_ANALYZER_NUMBER_OBJECT_CONVERSION = YES_AGGRESSIVE;
				CLANG_CXX_LANGUAGE_STANDARD = "gnu++20";
				CLANG_ENABLE_MODULES = YES;
				CLANG_ENABLE_OBJC_ARC = YES;
				CLANG_ENABLE_OBJC_WEAK = YES;
				CLANG_WARN_BLOCK_CAPTURE_AUTORELEASING = YES;
				CLANG_WARN_BOOL_CONVERSION = YES;
				CLANG_WARN_COMMA = YES;
				CLANG_WARN_CONSTANT_CONVERSION = YES;
				CLANG_WARN_DEPRECATED_OBJC_IMPLEMENTATIONS = YES;
				CLANG_WARN_DIRECT_OBJC_ISA_USAGE = YES_ERROR;
				CLANG_WARN_DOCUMENTATION_COMMENTS = YES;
				CLANG_WARN_EMPTY_BODY = YES;
				CLANG_WARN_ENUM_CONVERSION = YES;
				CLANG_WARN_INFINITE_RECURSION = YES;
				CLANG_WARN_INT_CONVERSION = YES;
				CLANG_WARN_NON_LITERAL_NULL_CONVERSION = YES;
				CLANG_WARN_OBJC_IMPLICIT_RETAIN_SELF = YES;
				CLANG_WARN_OBJC_LITERAL_CONVERSION = YES;
				CLANG_WARN_OBJC_ROOT_CLASS = YES_ERROR;
				CLANG_WARN_QUOTED_INCLUDE_IN_FRAMEWORK_HEADER = YES;
				CLANG_WARN_RANGE_LOOP_ANALYSIS = YES;
				CLANG_WARN_STRICT_PROTOTYPES = YES;
				CLANG_WARN_SUSPICIOUS_MOVE = YES;
				CLANG_WARN_UNGUARDED_AVAILABILITY = YES_AGGRESSIVE;
				CLANG_WARN_UNREACHABLE_CODE = YES;
				CLANG_WARN__DUPLICATE_METHOD_MATCH = YES;
				COPY_PHASE_STRIP = NO;
				DEBUG_INFORMATION_FORMAT = dwarf;
				ENABLE_STRICT_OBJC_MSGSEND = YES;
				ENABLE_TESTABILITY = YES;
				GCC_C_LANGUAGE_STANDARD = gnu11;
				GCC_DYNAMIC_NO_PIC = NO;
				GCC_NO_COMMON_BLOCKS = YES;
				GCC_OPTIMIZATION_LEVEL = 0;
				GCC_PREPROCESSOR_DEFINITIONS = (
					"DEBUG=1",
					"$(inherited)",
				);
				GCC_WARN_64_TO_32_BIT_CONVERSION = YES;
				GCC_WARN_ABOUT_RETURN_TYPE = YES_ERROR;
				GCC_WARN_UNDECLARED_SELECTOR = YES;
				GCC_WARN_UNINITIALIZED_AUTOS = YES_AGGRESSIVE;
				GCC_WARN_UNUSED_FUNCTION = YES;
				GCC_WARN_UNUSED_VARIABLE = YES;
				MTL_ENABLE_DEBUG_INFO = INCLUDE_SOURCE;
				MTL_FAST_MATH = YES;
				ONLY_ACTIVE_ARCH = YES;
				SWIFT_ACTIVE_COMPILATION_CONDITIONS = DEBUG;
				SWIFT_OPTIMIZATION_LEVEL = "-Onone";
			};
			name = Debug;
		};
		082D2E7B2A722D8400232466 /* Release */ = {
			isa = XCBuildConfiguration;
			buildSettings = {
				ALWAYS_SEARCH_USER_PATHS = NO;
				CLANG_ANALYZER_NONNULL = YES;
				CLANG_ANALYZER_NUMBER_OBJECT_CONVERSION = YES_AGGRESSIVE;
				CLANG_CXX_LANGUAGE_STANDARD = "gnu++20";
				CLANG_ENABLE_MODULES = YES;
				CLANG_ENABLE_OBJC_ARC = YES;
				CLANG_ENABLE_OBJC_WEAK = YES;
				CLANG_WARN_BLOCK_CAPTURE_AUTORELEASING = YES;
				CLANG_WARN_BOOL_CONVERSION = YES;
				CLANG_WARN_COMMA = YES;
				CLANG_WARN_CONSTANT_CONVERSION = YES;
				CLANG_WARN_DEPRECATED_OBJC_IMPLEMENTATIONS = YES;
				CLANG_WARN_DIRECT_OBJC_ISA_USAGE = YES_ERROR;
				CLANG_WARN_DOCUMENTATION_COMMENTS = YES;
				CLANG_WARN_EMPTY_BODY = YES;
				CLANG_WARN_ENUM_CONVERSION = YES;
				CLANG_WARN_INFINITE_RECURSION = YES;
				CLANG_WARN_INT_CONVERSION = YES;
				CLANG_WARN_NON_LITERAL_NULL_CONVERSION = YES;
				CLANG_WARN_OBJC_IMPLICIT_RETAIN_SELF = YES;
				CLANG_WARN_OBJC_LITERAL_CONVERSION = YES;
				CLANG_WARN_OBJC_ROOT_CLASS = YES_ERROR;
				CLANG_WARN_QUOTED_INCLUDE_IN_FRAMEWORK_HEADER = YES;
				CLANG_WARN_RANGE_LOOP_ANALYSIS = YES;
				CLANG_WARN_STRICT_PROTOTYPES = YES;
				CLANG_WARN_SUSPICIOUS_MOVE = YES;
				CLANG_WARN_UNGUARDED_AVAILABILITY = YES_AGGRESSIVE;
				CLANG_WARN_UNREACHABLE_CODE = YES;
				CLANG_WARN__DUPLICATE_METHOD_MATCH = YES;
				COPY_PHASE_STRIP = NO;
				DEBUG_INFORMATION_FORMAT = "dwarf-with-dsym";
				ENABLE_NS_ASSERTIONS = NO;
				ENABLE_STRICT_OBJC_MSGSEND = YES;
				GCC_C_LANGUAGE_STANDARD = gnu11;
				GCC_NO_COMMON_BLOCKS = YES;
				GCC_WARN_64_TO_32_BIT_CONVERSION = YES;
				GCC_WARN_ABOUT_RETURN_TYPE = YES_ERROR;
				GCC_WARN_UNDECLARED_SELECTOR = YES;
				GCC_WARN_UNINITIALIZED_AUTOS = YES_AGGRESSIVE;
				GCC_WARN_UNUSED_FUNCTION = YES;
				GCC_WARN_UNUSED_VARIABLE = YES;
				MTL_ENABLE_DEBUG_INFO = NO;
				MTL_FAST_MATH = YES;
				SWIFT_COMPILATION_MODE = wholemodule;
				SWIFT_OPTIMIZATION_LEVEL = "-O";
			};
			name = Release;
		};
		082D2E7D2A722D8400232466 /* Debug */ = {
			isa = XCBuildConfiguration;
			baseConfigurationReference = 082D2E7F2A722DEB00232466 /* config-debug.xcconfig */;
			buildSettings = {
				ASSETCATALOG_COMPILER_APPICON_NAME = AppIcon;
				ASSETCATALOG_COMPILER_GLOBAL_ACCENT_COLOR_NAME = AccentColor;
				CODE_SIGN_ENTITLEMENTS = DisplayImage/DisplayImage.entitlements;
				CODE_SIGN_STYLE = Automatic;
				CURRENT_PROJECT_VERSION = 1;
				DEVELOPMENT_ASSET_PATHS = "\"DisplayImage/Preview Content\"";
				DEVELOPMENT_TEAM = RKF34AM7UT;
				ENABLE_HARDENED_RUNTIME = YES;
				ENABLE_PREVIEWS = YES;
				GENERATE_INFOPLIST_FILE = YES;
				INFOPLIST_FILE = DisplayImage/Info.plist;
				"INFOPLIST_KEY_UIApplicationSceneManifest_Generation[sdk=iphoneos*]" = YES;
				"INFOPLIST_KEY_UIApplicationSceneManifest_Generation[sdk=iphonesimulator*]" = YES;
				"INFOPLIST_KEY_UIApplicationSupportsIndirectInputEvents[sdk=iphoneos*]" = YES;
				"INFOPLIST_KEY_UIApplicationSupportsIndirectInputEvents[sdk=iphonesimulator*]" = YES;
				"INFOPLIST_KEY_UILaunchScreen_Generation[sdk=iphoneos*]" = YES;
				"INFOPLIST_KEY_UILaunchScreen_Generation[sdk=iphonesimulator*]" = YES;
				"INFOPLIST_KEY_UIStatusBarStyle[sdk=iphoneos*]" = UIStatusBarStyleDefault;
				"INFOPLIST_KEY_UIStatusBarStyle[sdk=iphonesimulator*]" = UIStatusBarStyleDefault;
				INFOPLIST_KEY_UISupportedInterfaceOrientations_iPad = "UIInterfaceOrientationPortrait UIInterfaceOrientationPortraitUpsideDown UIInterfaceOrientationLandscapeLeft UIInterfaceOrientationLandscapeRight";
				INFOPLIST_KEY_UISupportedInterfaceOrientations_iPhone = "UIInterfaceOrientationPortrait UIInterfaceOrientationLandscapeLeft UIInterfaceOrientationLandscapeRight";
				IPHONEOS_DEPLOYMENT_TARGET = 16.4;
				LD_RUNPATH_SEARCH_PATHS = "@executable_path/Frameworks";
				"LD_RUNPATH_SEARCH_PATHS[sdk=macosx*]" = "@executable_path/../Frameworks";
				MACOSX_DEPLOYMENT_TARGET = 13.3;
				MARKETING_VERSION = 1.0;
				PRODUCT_BUNDLE_IDENTIFIER = com.Accenture.examCode.DisplayImage;
				PRODUCT_NAME = "$(PRODUCT_NAME)";
				SDKROOT = auto;
				SUPPORTED_PLATFORMS = "iphoneos iphonesimulator macosx";
				SWIFT_EMIT_LOC_STRINGS = YES;
				SWIFT_VERSION = 5.0;
				TARGETED_DEVICE_FAMILY = "1,2";
			};
			name = Debug;
		};
		082D2E7E2A722D8400232466 /* Release */ = {
			isa = XCBuildConfiguration;
			baseConfigurationReference = 082D2E812A722E0C00232466 /* config-release.xcconfig */;
			buildSettings = {
				ASSETCATALOG_COMPILER_APPICON_NAME = AppIcon;
				ASSETCATALOG_COMPILER_GLOBAL_ACCENT_COLOR_NAME = AccentColor;
				CODE_SIGN_ENTITLEMENTS = DisplayImage/DisplayImage.entitlements;
				CODE_SIGN_STYLE = Automatic;
				CURRENT_PROJECT_VERSION = 1;
				DEVELOPMENT_ASSET_PATHS = "\"DisplayImage/Preview Content\"";
				DEVELOPMENT_TEAM = RKF34AM7UT;
				ENABLE_HARDENED_RUNTIME = YES;
				ENABLE_PREVIEWS = YES;
				GENERATE_INFOPLIST_FILE = YES;
				INFOPLIST_FILE = DisplayImage/Info.plist;
				"INFOPLIST_KEY_UIApplicationSceneManifest_Generation[sdk=iphoneos*]" = YES;
				"INFOPLIST_KEY_UIApplicationSceneManifest_Generation[sdk=iphonesimulator*]" = YES;
				"INFOPLIST_KEY_UIApplicationSupportsIndirectInputEvents[sdk=iphoneos*]" = YES;
				"INFOPLIST_KEY_UIApplicationSupportsIndirectInputEvents[sdk=iphonesimulator*]" = YES;
				"INFOPLIST_KEY_UILaunchScreen_Generation[sdk=iphoneos*]" = YES;
				"INFOPLIST_KEY_UILaunchScreen_Generation[sdk=iphonesimulator*]" = YES;
				"INFOPLIST_KEY_UIStatusBarStyle[sdk=iphoneos*]" = UIStatusBarStyleDefault;
				"INFOPLIST_KEY_UIStatusBarStyle[sdk=iphonesimulator*]" = UIStatusBarStyleDefault;
				INFOPLIST_KEY_UISupportedInterfaceOrientations_iPad = "UIInterfaceOrientationPortrait UIInterfaceOrientationPortraitUpsideDown UIInterfaceOrientationLandscapeLeft UIInterfaceOrientationLandscapeRight";
				INFOPLIST_KEY_UISupportedInterfaceOrientations_iPhone = "UIInterfaceOrientationPortrait UIInterfaceOrientationLandscapeLeft UIInterfaceOrientationLandscapeRight";
				IPHONEOS_DEPLOYMENT_TARGET = 16.4;
				LD_RUNPATH_SEARCH_PATHS = "@executable_path/Frameworks";
				"LD_RUNPATH_SEARCH_PATHS[sdk=macosx*]" = "@executable_path/../Frameworks";
				MACOSX_DEPLOYMENT_TARGET = 13.3;
				MARKETING_VERSION = 1.0;
				PRODUCT_BUNDLE_IDENTIFIER = com.Accenture.examCode.DisplayImage;
				PRODUCT_NAME = "$(PRODUCT_NAME)";
				SDKROOT = auto;
				SUPPORTED_PLATFORMS = "iphoneos iphonesimulator macosx";
				SWIFT_EMIT_LOC_STRINGS = YES;
				SWIFT_VERSION = 5.0;
				TARGETED_DEVICE_FAMILY = "1,2";
			};
			name = Release;
		};
/* End XCBuildConfiguration section */

/* Begin XCConfigurationList section */
		082D2E682A722D8300232466 /* Build configuration list for PBXProject "DisplayImage" */ = {
			isa = XCConfigurationList;
			buildConfigurations = (
				082D2E7A2A722D8400232466 /* Debug */,
				082D2E7B2A722D8400232466 /* Release */,
			);
			defaultConfigurationIsVisible = 0;
			defaultConfigurationName = Release;
		};
		082D2E7C2A722D8400232466 /* Build configuration list for PBXNativeTarget "DisplayImage" */ = {
			isa = XCConfigurationList;
			buildConfigurations = (
				082D2E7D2A722D8400232466 /* Debug */,
				082D2E7E2A722D8400232466 /* Release */,
			);
			defaultConfigurationIsVisible = 0;
			defaultConfigurationName = Release;
		};
/* End XCConfigurationList section */
	};
	rootObject = 082D2E652A722D8300232466 /* Project object */;
}
